github.com/romario5/go-serial-common v0.0.0-20250304141623-45b6f1a8786f h1:Tt6v6fra8wtg4NonIfevVTh4tCnDIKEPdm52F6oLvRQ=
github.com/romario5/go-serial-common v0.0.0-20250304141623-45b6f1a8786f/go.mod h1:7arxQLtj9YJZtR0IHrNYKvNWwrqUdaEpOsXTxlp7cHU=
github.com/romario5/go-serial-common v0.0.0-20250311104027-2446e23a8c56 h1:j2wJYIV5e7X/gOw1IxNXwyihvrXlkbg9MD623WAkHKA=
github.com/romario5/go-serial-common v0.0.0-20250311104027-2446e23a8c56/go.mod h1:7arxQLtj9YJZtR0IHrNYKvNWwrqUdaEpOsXTxlp7cHU=
